
Microsoft Visual Studio Solution File, Format Version 12.00
# Visual Studio 15
VisualStudioVersion = 15.0.27703.2018
MinimumVisualStudioVersion = 10.0.40219.1
Project("{FAE04EC0-301F-11D3-BF4B-00C04F79EFBC}") = "Laboratoire 1", "Laboratoire 1\Laboratoire 1.csproj", "{5B34DFC3-2DA7-43E5-A07D-E85831F9217C}"
EndProject
Global
	GlobalSection(SolutionConfigurationPlatforms) = preSolution
		Debug|Any CPU = Debug|Any CPU
		Release|Any CPU = Release|Any CPU
	EndGlobalSection
	GlobalSection(ProjectConfigurationPlatforms) = postSolution
		{5B34DFC3-2DA7-43E5-A07D-E85831F9217C}.Debug|Any CPU.ActiveCfg = Debug|Any CPU
		{5B34DFC3-2DA7-43E5-A07D-E85831F9217C}.Debug|Any CPU.Build.0 = Debug|Any CPU
		{5B34DFC3-2DA7-43E5-A07D-E85831F9217C}.Release|Any CPU.ActiveCfg = Release|Any CPU
		{5B34DFC3-2DA7-43E5-A07D-E85831F9217C}.Release|Any CPU.Build.0 = Release|Any CPU
	EndGlobalSection
	GlobalSection(SolutionProperties) = preSolution
		HideSolutionNode = FALSE
	EndGlobalSection
	GlobalSection(ExtensibilityGlobals) = postSolution
		SolutionGuid = {72AE599F-2E8F-4ED4-AEF9-E2815E7841ED}
	EndGlobalSection
EndGlobal
